lockVersion: 2.0.0
id: 06ef29b9-49de-4184-94e1-b2052d73fcbf
management:
  docChecksum: f71ac7e3468233f8fc9b336d4a7f81a1
  docVersion: 1.0.0
  speakeasyVersion: 1.761.3
  generationVersion: 2.879.11
  releaseVersion: 0.1.2
  configChecksum: 8f5aafeba8481545816b0b43aa9063c1
  repoURL: https://github.com/jbejenar/prontiq-platform.git
  repoSubDirectory: sdks/typescript
  installationURL: https://github.com/jbejenar/prontiq-platform
  published: true
persistentEdits:
  generation_id: 04446d54-9993-4c6a-acad-9bb501db5608
  pristine_commit_hash: 197172ee787ee6309dde0fe260a0b8f3b72efb96
  pristine_tree_hash: fc9fff63122c2e53f862373e0a8cc0936b3f897b
features:
  typescript:
    additionalDependencies: 0.1.0
    constsAndDefaults: 0.1.14
    core: 3.26.47
    defaultEnabledRetries: 0.1.0
    enumUnions: 0.1.0
    envVarSecurityUsage: 0.1.2
    flattening: 2.82.1
    globalSecurity: 2.82.16
    globalSecurityCallbacks: 0.1.0
    globalSecurityFlattening: 0.1.1
    globalServerURLs: 2.83.1
    methodArguments: 0.1.2
    nullables: 0.1.1
    responseFormat: 0.3.0
    retries: 2.83.0
    sdkHooks: 0.4.0
trackedFiles:
  .gitattributes:
    id: 24139dae6567
    last_write_checksum: sha1:26d16d8297b104945139da8c25bd38feeaad3e25
    pristine_git_object: 113eead5093c17d43a46159132885318f281a68a
  .npmignore:
    id: aa70c1f807c3
    last_write_checksum: sha1:6572da81f2e7a978ec29c22c2210bf461c5897b2
    pristine_git_object: 670ac0a62d7e568c9d44a14f5deafb8442a255d8
  .oxlintrc.json:
    id: 8b9b571b1983
    last_write_checksum: sha1:f14bd09c455fa2de0d94641369b7888d23ee62f2
    pristine_git_object: 6ee2921010070a544e252596defc55d501e1c1ae
  FUNCTIONS.md:
    id: 21b9df02aaeb
    last_write_checksum: sha1:ac27e21fff69fab2b4dc966f2233651791522ba8
    pristine_git_object: 9f78fdcd22da4d8fa10195ebc42790d971ea574b
  RUNTIMES.md:
    id: 620c490847b6
    last_write_checksum: sha1:e45b854f02c357cbcfdb8c3663000e8339e16505
    pristine_git_object: 27731c3b5ace66bedc454ed5acbe15075aacd3dc
  USAGE.md:
    id: 3aed33ce6e6f
    last_write_checksum: sha1:61bd4fa4a4e2a5e3a17fd1dd958d91cbbab203a8
    pristine_git_object: db174448cf22f7f89ae411d2afa325e15728e9eb
  docs/lib/utils/retryconfig.md:
    id: 0ce9707cb848
    last_write_checksum: sha1:bc4454e196fcd219f5a78da690375a884f5ed07b
    pristine_git_object: 08f95f4552349360b2c0b01802aa71ec3a55d2c2
  docs/models/components/security.md:
    id: 54906b49ea28
    last_write_checksum: sha1:b32534fd4b8f037dcd10f94f43eedd51bbee3906
    pristine_git_object: 0803cd07d98eae207bccd77e5b55913e12735e02
  docs/models/errors/error-t.md:
    id: ee0036d35000
    last_write_checksum: sha1:9391ec9bd4079a0e355c6b390b53e4ddf2866ee1
    pristine_git_object: eb23ade2a7efc8e70f99796f561c63566c2f715e
  docs/models/errors/get-v1-address-autocomplete-error.md:
    id: 253073b79b40
    last_write_checksum: sha1:2c52d42f168a7c97b0715f08241cc2dce12dfcd4
    pristine_git_object: 413344764abeb2bab441330b617627963401e769
  docs/models/errors/get-v1-address-autocomplete-response-body.md:
    id: 7346ae35badb
    last_write_checksum: sha1:c9781ea17971474b5796cb14685c186734273706
    pristine_git_object: 64a0d097fccebecde1e4689dbad9c4e2be65c3a3
  docs/models/errors/get-v1-address-autocomplete-response-error.md:
    id: 1c2937f3b7f0
    last_write_checksum: sha1:378843769a2e39f60efa6384cd8542c54abfacc0
    pristine_git_object: dee52c88645c5409d3fdfdb7b1fca646781c2f56
  docs/models/errors/get-v1-address-autocomplete-response-response-body.md:
    id: d5cf34d5772a
    last_write_checksum: sha1:58815638431cbd4d4e4d0ed2ce09a9061eaed5f3
    pristine_git_object: 147b6a7effa38c58b3f034a97db704fc66330476
  docs/models/errors/get-v1-address-autocomplete-response403-response-body.md:
    id: fe647edca0b7
    last_write_checksum: sha1:7aa92aea6b35520e3f9164824d864457912767b9
    pristine_git_object: 169fd4b718412909f9302911b208fd185609fdc2
  docs/models/errors/get-v1-address-autocomplete-response429-error.md:
    id: 47f14f108a23
    last_write_checksum: sha1:20c55038290332925b8eb5fac6791ffade55dbc3
    pristine_git_object: 3b2ff3c0741754f4de90f422a4141438bdef7471
  docs/models/errors/get-v1-address-autocomplete-response429-response-body.md:
    id: 05e35c4b48d7
    last_write_checksum: sha1:7b6fc7cdc8b788baaf36938b75ec63d91850175e
    pristine_git_object: d8763f567c18aa0d4e1ead317c6ca0e917d6c891
  docs/models/errors/get-v1-address-autocomplete-response500-error.md:
    id: 414501035a5a
    last_write_checksum: sha1:1e111fba42db8dca088b4225eaa7ca119f3126b8
    pristine_git_object: fe15e9cd20b14a71abbae576e9d13cd9f1f74041
  docs/models/errors/get-v1-address-autocomplete-response500-response-body.md:
    id: 3d2d2b712397
    last_write_checksum: sha1:5066e62dfe3efe2465779200e751a5a8118ecac4
    pristine_git_object: 66b71fa7e7043c45d053dad00cd145d54dd9627e
  docs/models/errors/get-v1-address-enrich-error.md:
    id: 079f63db1faa
    last_write_checksum: sha1:30f35aa9e5bc9bae1055688f8642ef1c1651de97
    pristine_git_object: 1370ccaa1707905181df0445cd88e168f4b9292c
  docs/models/errors/get-v1-address-enrich-response-body.md:
    id: e9ee0bf51f2d
    last_write_checksum: sha1:a9ddf20ea7a204cda661374e5f7b4667302515bc
    pristine_git_object: d55b2b8faecdcc59c5fa50f5417b2463352d43ea
  docs/models/errors/get-v1-address-enrich-response-error.md:
    id: b5a51530ab12
    last_write_checksum: sha1:18866d5af1c8c356ffa1b843c20dfd9bd330932b
    pristine_git_object: ec8c42f7d91a4cc3831ea9abe6a6826e97a8d100
  docs/models/errors/get-v1-address-enrich-response-response-body.md:
    id: 3d8ce4a4fa99
    last_write_checksum: sha1:e69233916a0e0da1f2b600d233e8880c3e4bde0b
    pristine_git_object: 323bbf930a343c4c6511d0dcf71fc4c6f2e44cad
  docs/models/errors/get-v1-address-enrich-response403-error.md:
    id: 01bc1a33b8e4
    last_write_checksum: sha1:876243ac395927f261326b054d1712cbfcb1b94a
    pristine_git_object: 69936f92e62288bbae8245de5dd520ae67dc4042
  docs/models/errors/get-v1-address-enrich-response403-response-body.md:
    id: cead76b7c002
    last_write_checksum: sha1:afea5f670c5ee5b98f0b0e25391f3a25ee5d5aff
    pristine_git_object: b77736b302f2815b6a5036c0d3d719fb37f33a79
  docs/models/errors/get-v1-address-enrich-response404-error.md:
    id: 3fa5ff504d3e
    last_write_checksum: sha1:e253e2cea81245feda7198752b2d322effcfe089
    pristine_git_object: 073508fbdb6ab89fdc836266d572ec463be3d0c0
  docs/models/errors/get-v1-address-enrich-response404-response-body.md:
    id: 48999efa6b8d
    last_write_checksum: sha1:8b82aec4665a2678d68b06a8461c1582f780227f
    pristine_git_object: 3f028b20a82d0371373c94de462ba0cf6f3fbc40
  docs/models/errors/get-v1-address-enrich-response429-error.md:
    id: b814b9b2e621
    last_write_checksum: sha1:627d2fdb52d47b16747724dbb3af6f9122ed6ea4
    pristine_git_object: 89d5fde6e24ff4b481d2245eddf764fa9f4dcb5d
  docs/models/errors/get-v1-address-enrich-response429-response-body.md:
    id: bfe4a1a49d64
    last_write_checksum: sha1:988bc0ca489a6e01acf05da8d8dcc264025d759b
    pristine_git_object: a53dbcb3d3cab35523215f61b1d7ece818e22961
  docs/models/errors/get-v1-address-enrich-response500-error.md:
    id: 37507d7c09ab
    last_write_checksum: sha1:e2bc649f1ab1e734ba3f67775297622d8f76df5d
    pristine_git_object: 99aa16a95b92e81538495f07b38db2b438ed7eba
  docs/models/errors/get-v1-address-enrich-response500-response-body.md:
    id: 35530d07b5db
    last_write_checksum: sha1:9efdb852416a6aaa3159057bd186e4c81606be6d
    pristine_git_object: c19a0c11e290772a74438ccbdadb1dd112e837ad
  docs/models/errors/get-v1-address-lookup-postcode-error.md:
    id: 1f8fad1a8937
    last_write_checksum: sha1:5aeaae4201222c62f4419d08fa286e79d43193b7
    pristine_git_object: 5de3320a91a58f6c1dd2b5aeaa27d9d1f8123569
  docs/models/errors/get-v1-address-lookup-postcode-response-body.md:
    id: 04d7c1818220
    last_write_checksum: sha1:19b10476b99a248d8f55a0b1d86ed9724c148f0b
    pristine_git_object: ef6744798b90a6a5674dd3142bf0ef318c7ba441
  docs/models/errors/get-v1-address-lookup-postcode-response-error.md:
    id: 6f03cea316ce
    last_write_checksum: sha1:8af8ff302905a10bc605f833ecabc746d45214fb
    pristine_git_object: de33c5629abda0657d1da26ad84ddfecd18cd84c
  docs/models/errors/get-v1-address-lookup-postcode-response-response-body.md:
    id: 9e6b0cf8e52d
    last_write_checksum: sha1:942140bc52ec954d5e4818fe6690e5edb30ae994
    pristine_git_object: 874f7830bfa8c755d48a405552c60cba2b503daf
  docs/models/errors/get-v1-address-lookup-postcode-response403-error.md:
    id: 440c376e402c
    last_write_checksum: sha1:d88edea8fac0cd0f9e54e3f48930d5a01cd29296
    pristine_git_object: 4a5f371c29795028c6603a9782f0943938250547
  docs/models/errors/get-v1-address-lookup-postcode-response403-response-body.md:
    id: d2d3588d7514
    last_write_checksum: sha1:2d4b7d94a4cfe79787c0591c4ebe5e6972a28055
    pristine_git_object: 2cba5ecd06b3395c1b377f479c07ecdbfa0c5d96
  docs/models/errors/get-v1-address-lookup-postcode-response429-error.md:
    id: 9c1b7751ff24
    last_write_checksum: sha1:d73dcddbfd6eda5056028183e9481a67cbfd8249
    pristine_git_object: a0faf95a11cf703725632641bb0e6d068d45866f
  docs/models/errors/get-v1-address-lookup-postcode-response429-response-body.md:
    id: 7efd21b05f1a
    last_write_checksum: sha1:b4f764768283a81f845571c0aa42a4103ae76926
    pristine_git_object: 53f5ca7134dcda63dfcfe1dce9f89b51ad103dd6
  docs/models/errors/get-v1-address-lookup-postcode-response500-error.md:
    id: ca85061eb5d0
    last_write_checksum: sha1:845c7e8e683486fcb1132b2d788ff9e49ad0dbfe
    pristine_git_object: 1b2ad1b980bf485566cf37b12f03f4f6be27286c
  docs/models/errors/get-v1-address-lookup-postcode-response500-response-body.md:
    id: 9cc0910ee82a
    last_write_checksum: sha1:1baa22517232a12f63a4f682969721a538e4c6fa
    pristine_git_object: 66cd0b37b4b5dd55b2875d15454626fac81d129f
  docs/models/errors/get-v1-address-lookup-suburb-error.md:
    id: b217d674be40
    last_write_checksum: sha1:dc37f0c334a162c1af877026f959e39af87c3d1f
    pristine_git_object: dcea7104e727fbf6bd685592880b4cfff70e1af9
  docs/models/errors/get-v1-address-lookup-suburb-response-body.md:
    id: 304dca898c34
    last_write_checksum: sha1:8740f8dd443a838cf28766df3cd4542dcf9271d2
    pristine_git_object: df72d5db27d7913cd192bc53f1b48809fe39e705
  docs/models/errors/get-v1-address-lookup-suburb-response-error.md:
    id: 46683c94a828
    last_write_checksum: sha1:3927533c40e3eb610be0a3104fc87c635ba8bee4
    pristine_git_object: 93cd679a0d4a88a8451a5ca4c3425b01cb393159
  docs/models/errors/get-v1-address-lookup-suburb-response-response-body.md:
    id: fb81bd7c013f
    last_write_checksum: sha1:02a903f34efd05a101e7ca3b90e9fe62488c8951
    pristine_git_object: da4384bf000173fa3024ee8e4c4a9206973d1052
  docs/models/errors/get-v1-address-lookup-suburb-response403-error.md:
    id: be8b061899f1
    last_write_checksum: sha1:bb1773776d52daf610868ad9b87b8ba05329094f
    pristine_git_object: c3cf8a20b5706a9bd38f18813bdfede8ae77b692
  docs/models/errors/get-v1-address-lookup-suburb-response403-response-body.md:
    id: ccebde3d2670
    last_write_checksum: sha1:1dcee7e028d4b7c6014e3a3d6517530366e1872e
    pristine_git_object: 4314186904286418bedef6966fdb07e0a81f69a6
  docs/models/errors/get-v1-address-lookup-suburb-response429-error.md:
    id: 05343603df31
    last_write_checksum: sha1:ed5b1c79dec17dc81d13c414ec409f35c28e9b5f
    pristine_git_object: 58eb32779b3cb547c421a8c8cad3806d03483f1d
  docs/models/errors/get-v1-address-lookup-suburb-response429-response-body.md:
    id: 2655dd13759d
    last_write_checksum: sha1:2ff2b4ce636408e22fdceb7b651ea1ec7c3c686f
    pristine_git_object: 811eb5df1f8b7ed1a8636823eeb33c02277704cf
  docs/models/errors/get-v1-address-lookup-suburb-response500-error.md:
    id: 9a71ac71ce85
    last_write_checksum: sha1:2abc5167575173579dba2e28adb53ba509ec8133
    pristine_git_object: c67942becbbf5e3db5b28522e0053350b8d82920
  docs/models/errors/get-v1-address-lookup-suburb-response500-response-body.md:
    id: 453651f5d624
    last_write_checksum: sha1:511d5c89a21521f1661cdba41a518e358b3d2d41
    pristine_git_object: 89d1083c8d58c808613b8ce909a394020b02a9f2
  docs/models/errors/get-v1-address-reverse-error.md:
    id: 92faedefe874
    last_write_checksum: sha1:c4c3d8265d453fdbe7c5c4a7604a1ea0863fa7f7
    pristine_git_object: 00188f8d022b0c91ebd5d6424ad0eb2e863d185e
  docs/models/errors/get-v1-address-reverse-response-body.md:
    id: 99c2bb5f4afa
    last_write_checksum: sha1:3ffaa0db070d0456ad2f3360831956e42b8fd792
    pristine_git_object: d50d07f954c4e2fc4cdd0df2a9da40dc766b82de
  docs/models/errors/get-v1-address-reverse-response-error.md:
    id: 2760bd126c37
    last_write_checksum: sha1:c1aa942047307aadff2467b6d9df4bcae245064b
    pristine_git_object: 19bdd6eaf0dba4cc588c53d4e234d4511e0ad469
  docs/models/errors/get-v1-address-reverse-response-response-body.md:
    id: "785166310199"
    last_write_checksum: sha1:1b7b807159f150e333d0a36945ee27bd18ab20af
    pristine_git_object: 7af7b4db1b5f627411a3a72f1b9822a830405ac5
  docs/models/errors/get-v1-address-reverse-response403-error.md:
    id: 83e0def8c55d
    last_write_checksum: sha1:a515e8b46656f89767cff63c3608ce9c91b0fb2c
    pristine_git_object: b62321e2a7d294757d3d011ae3bbfd4c0bedbdcd
  docs/models/errors/get-v1-address-reverse-response403-response-body.md:
    id: 4a354d4be968
    last_write_checksum: sha1:0c430b904556b32482d94bc8c720179d1fa13432
    pristine_git_object: 86036643ee6a3fe1165fbe4e12ff82b38c0e8790
  docs/models/errors/get-v1-address-reverse-response429-error.md:
    id: 4e981f75b250
    last_write_checksum: sha1:7a6037a2acae0d1bd02c54fe49b22f5fbfec04d6
    pristine_git_object: 3431ae886564fdb7815519d11a829d70c700bb9d
  docs/models/errors/get-v1-address-reverse-response429-response-body.md:
    id: fe0b8d2a7081
    last_write_checksum: sha1:966a5fdea9cff751e46077e9c62db362ea891119
    pristine_git_object: fa8ee1f1a03dfb9d77d343333260fba239f5ce69
  docs/models/errors/get-v1-address-reverse-response500-error.md:
    id: 11902cf77d22
    last_write_checksum: sha1:0c8cd1afb7b32db288ca459bfb65af61d4964c96
    pristine_git_object: 31c7c22f62ad64c194823baecf1babc7ac41dc4a
  docs/models/errors/get-v1-address-reverse-response500-response-body.md:
    id: a5a342dc9b4a
    last_write_checksum: sha1:2e6db2c8c6f2f3f29f8d44e46911ae66534298f4
    pristine_git_object: b1794d18843e4f16e8e163a09f5497690d54b62a
  docs/models/errors/get-v1-address-validate-error.md:
    id: 0a1b1fd8542e
    last_write_checksum: sha1:5923b36eb6308666f87af342c64207be7fc40a49
    pristine_git_object: 24350e995de4a88cfeb79ef3bf9e5fcc31a7a9a8
  docs/models/errors/get-v1-address-validate-response-body.md:
    id: 7d4f74f5b930
    last_write_checksum: sha1:2ef5b1f5e8fa9d5b880cf4e7695f3bd4f8cde75d
    pristine_git_object: 908e7f2389b4615e30fb79966713741ee98c44ab
  docs/models/errors/get-v1-address-validate-response-error.md:
    id: c545f9523dd4
    last_write_checksum: sha1:3189f8fe9175f84254d6d5138965ea03fb4ed51a
    pristine_git_object: 296026a868a59a07cbe6d004f9e474a8682fffd0
  docs/models/errors/get-v1-address-validate-response-response-body.md:
    id: 014ce089cfcb
    last_write_checksum: sha1:04cfa89210eb3951c9c250c3f47a1485325054fe
    pristine_git_object: 176890c6890f0aabaad4e882a573ad6ae618beb6
  docs/models/errors/get-v1-address-validate-response403-error.md:
    id: 2b0f895c7e17
    last_write_checksum: sha1:d309de4611583fb9eef482bf1467fbddf5a9c2e9
    pristine_git_object: 43a42fe03c4f0d42082e713daa4803ce0ee3c7df
  docs/models/errors/get-v1-address-validate-response403-response-body.md:
    id: 8f141c9b3871
    last_write_checksum: sha1:2600535b531589740bde42d0f0b4dbb48559a9d8
    pristine_git_object: bbbc4e9e608fd6f07f0430503406e459f18ccd91
  docs/models/errors/get-v1-address-validate-response429-error.md:
    id: d941a633642d
    last_write_checksum: sha1:628e4dc0c5c8cceca46b1ddc44b07bf9532899b7
    pristine_git_object: a92b40d5017253e5ffa5995f9bda8969be9571a2
  docs/models/errors/get-v1-address-validate-response429-response-body.md:
    id: 8ab8b16c706b
    last_write_checksum: sha1:a85fe2a73937ffe63929037c86a0fb0c8c64dc63
    pristine_git_object: 528f206ef8dcd102421d25a2c17e88184d4a4684
  docs/models/errors/get-v1-address-validate-response500-error.md:
    id: 30dc0043a81e
    last_write_checksum: sha1:155a76fa27a1666ed6808402c4d8e28587e6109c
    pristine_git_object: 6d712070f8cb867f27c291763699b22d828e5fcb
  docs/models/errors/get-v1-address-validate-response500-response-body.md:
    id: 1a5347a9ab44
    last_write_checksum: sha1:649060a34f9094b2c5d0341d078525c63f0deef8
    pristine_git_object: cdd20d0eba97af0a90dff1a9630a225f673e2d5e
  docs/models/operations/bottom-right.md:
    id: 0893faa17bdb
    last_write_checksum: sha1:67956f741de6025cc1d0348236d4a2704e6cdc54
    pristine_git_object: 4bcffebbfecca0efeeecdfd451466b25760db148
  docs/models/operations/boundaries.md:
    id: 4bc635c311be
    last_write_checksum: sha1:12087978f738e6e68e8f0957a9a918d7ac23ec81
    pristine_git_object: 6bc1e7eaa776429b4c49e5c3417ea126f7e91867
  docs/models/operations/bounds.md:
    id: 1a221475131c
    last_write_checksum: sha1:ddb9e17dc4f03de85fda07931964eb2d2ea89656
    pristine_git_object: bfce7bd2fb408ea88cc762a6bc9b34c0972bec15
  docs/models/operations/commonwealth-electorate.md:
    id: 077e8b2e31ed
    last_write_checksum: sha1:78cd44d44b0bbbae79a49e4ce33655e4d2547176
    pristine_git_object: 64365867b45f74046ed955ef69fdea48fe0b121f
  docs/models/operations/confidence.md:
    id: e9717ecf63f0
    last_write_checksum: sha1:07b24e3e31d851f01b613755f50cb15078be977b
    pristine_git_object: 695625533dc6a78d5f654b1d3aca856964cfe713
  docs/models/operations/gccsa.md:
    id: 9a155be8012c
    last_write_checksum: sha1:ead249037bf546246cfa93d3f89419a13dfc2dab
    pristine_git_object: f205285f66e4b1bf4c3cff96b4c67896fcc94c3c
  docs/models/operations/geocode.md:
    id: 0e863be6135a
    last_write_checksum: sha1:8dee3de41efc51f85ec0ec0dd1fb752730a20b21
    pristine_git_object: 5311a5c2fe08813e12a7ed8b52e5db25c25f6509
  docs/models/operations/get-v1-address-autocomplete-request.md:
    id: 295bc34db269
    last_write_checksum: sha1:f834ab5ecddc3012f48502677e33d8c87adabeb7
    pristine_git_object: b99fdc2234fa79f0d49be8d9a4e74d8bb5917706
  docs/models/operations/get-v1-address-autocomplete-response-body.md:
    id: e3edee387e51
    last_write_checksum: sha1:9e3e63f9ed29b55fa4ecfd7c7004010a00c0e870
    pristine_git_object: ddcbd1d9b300fc1d323dc8c12614b5f92bde8d97
  docs/models/operations/get-v1-address-autocomplete-response.md:
    id: 3d63f5f2a7f7
    last_write_checksum: sha1:f3276ef7dd8eae8bdf3d2d2c76e02aad5f51a2e4
    pristine_git_object: c2c8ee2489cf0889557d366a449175b4b5388c00
  docs/models/operations/get-v1-address-enrich-request.md:
    id: d0608b81aaaf
    last_write_checksum: sha1:a6eec4ef44b813aa64b4c0ec874da524cfdff244
    pristine_git_object: 9e7e1ed41c9c2529a1de99c4ffd04218adbc839d
  docs/models/operations/get-v1-address-enrich-response-body.md:
    id: ce8afe4d2e52
    last_write_checksum: sha1:a25c9acba2aeb4231764f958ec6eff7986fcd5a5
    pristine_git_object: 5024d32279d9d1644008ff1b19d4e41206222759
  docs/models/operations/get-v1-address-enrich-response.md:
    id: c1fb3af56b44
    last_write_checksum: sha1:2fd547ca9e6e1706c0ed3e656a3a1335da3a8395
    pristine_git_object: e3a8ee975738a536880ba8e4b0dadd00b52a53c7
  docs/models/operations/get-v1-address-lookup-postcode-request.md:
    id: a859f21c39b0
    last_write_checksum: sha1:415af327c9de4b535ab73d55523a21e460ee1bb3
    pristine_git_object: c47683bed4fe6ec54b0732e5c7c050aea9147a0c
  docs/models/operations/get-v1-address-lookup-postcode-response-body.md:
    id: 64de228a3e9d
    last_write_checksum: sha1:28b4689ac36a77ff59e5f2ab4098876fd3cee6f9
    pristine_git_object: e31324137c37c1936a884d9e2414760ab297b340
  docs/models/operations/get-v1-address-lookup-postcode-response.md:
    id: 39760c8758a4
    last_write_checksum: sha1:e4766de471d4ea26ca688661ff906fb510fb7193
    pristine_git_object: 47c4155916a4812a71bfc8a49cd752300bbc4f2d
  docs/models/operations/get-v1-address-lookup-suburb-request.md:
    id: 5d054b12f824
    last_write_checksum: sha1:a6c4999c915bee6aa5bc921c57076f5f71871753
    pristine_git_object: a72030a4bcb302f6b43d498fe33e56a72cfe6fcb
  docs/models/operations/get-v1-address-lookup-suburb-response-body.md:
    id: eecf8c84a260
    last_write_checksum: sha1:2b9392e50cd408067145d07082120a4df0d1cc9d
    pristine_git_object: ae295921b95b6d66f516cd6042ea6d80789aba5d
  docs/models/operations/get-v1-address-lookup-suburb-response.md:
    id: 4ac0b0806ba7
    last_write_checksum: sha1:d3cd03910dafec43e8d2d60e8888f9a667f06ff1
    pristine_git_object: 0d6c239d20e54569594b1e5dab77eb637d340c44
  docs/models/operations/get-v1-address-reverse-boundaries.md:
    id: c04f60b7fb46
    last_write_checksum: sha1:37ea7d5302c9c950ea4bccbe625ad11f0fdb3229
    pristine_git_object: 9adcc44bcbab41a20ac4f53d584a0944fb2da3b2
  docs/models/operations/get-v1-address-reverse-commonwealth-electorate.md:
    id: 0e760d3541b2
    last_write_checksum: sha1:d43f79713d48df6d7660c0b020c32f315542c15f
    pristine_git_object: 1c11edc7d9655942e96a08263d9bf03fabd42d89
  docs/models/operations/get-v1-address-reverse-gccsa.md:
    id: 9c6c170ff94b
    last_write_checksum: sha1:66657d9b43cf6c6385646f9448e1cbb5eaf3c648
    pristine_git_object: e2f407763eeba32c4054a76fc5df164a1f92a02f
  docs/models/operations/get-v1-address-reverse-geocode.md:
    id: e6691a7c58e6
    last_write_checksum: sha1:b9d5692efe6c97b90fba92d11c93fbc44ff80300
    pristine_git_object: 99eb056884eb29c7c90d0df5e5053eda53db715a
  docs/models/operations/get-v1-address-reverse-lga.md:
    id: c32d81a5ea3b
    last_write_checksum: sha1:dd86fa5f5c5c1b869ceab88fde6332dcb5536c33
    pristine_git_object: bc40fce65752d3bfb91bdc743770d0ac372c0115
  docs/models/operations/get-v1-address-reverse-location.md:
    id: a1171935881f
    last_write_checksum: sha1:b5e9e59fed1e153c43373fd1fa4fcb5e42cff163
    pristine_git_object: ed88bbfb52f9e124dbe7ef2b4da24a93d442899b
  docs/models/operations/get-v1-address-reverse-mesh-block.md:
    id: 3cfa5d46a6ed
    last_write_checksum: sha1:bc99a4f950f79c7769ca97facfd080d3d3860a77
    pristine_git_object: 3a6b396792d0c3a1a04e92b0d2d829a610e4a5da
  docs/models/operations/get-v1-address-reverse-request.md:
    id: d031594381d6
    last_write_checksum: sha1:df5d7792c987de3c771d0454309a5ef7acb66666
    pristine_git_object: 8707f7def0db352b30389b8aad64781edeac1eec
  docs/models/operations/get-v1-address-reverse-response-body.md:
    id: 22ba501a7f3d
    last_write_checksum: sha1:1ee92704ca74b16b1a280cfde211db7cae9294ec
    pristine_git_object: 4b1fc97b8206c0ad7f15d8732b1fca90a1016ba2
  docs/models/operations/get-v1-address-reverse-response.md:
    id: f9c0cfbc897a
    last_write_checksum: sha1:32547b4b33e63ef2eeea6446b35682a6556d2770
    pristine_git_object: 56d748c134da8dd90e05c3bfd0c332f227a1322a
  docs/models/operations/get-v1-address-reverse-sa2.md:
    id: 58a77d8dd579
    last_write_checksum: sha1:ce52e5889bdefd361107fc343e6782163a98fe0f
    pristine_git_object: 748c9aa9ce457d6f1acb400a27fba2745432d5bc
  docs/models/operations/get-v1-address-reverse-sa3.md:
    id: d3fba4790c61
    last_write_checksum: sha1:ec68a944ceaa32eb5e3311403acaacf269a70a5a
    pristine_git_object: faa9fc16246acd038b811c64a27a36cab0334611
  docs/models/operations/get-v1-address-reverse-sa4.md:
    id: 4723848cab3b
    last_write_checksum: sha1:9b8aade2a48d0fc3a3f5baab9542ac4e5ba8cb74
    pristine_git_object: df363094893e45a089ded762aa66aef7d68b3551
  docs/models/operations/get-v1-address-reverse-state-electorate.md:
    id: 0e609f26e99b
    last_write_checksum: sha1:a30c7a02c4d7a4dbca604b4b7e53f3612a183407
    pristine_git_object: 57efeccec154be86413a6b749f679eefce3f6fce
  docs/models/operations/get-v1-address-validate-boundaries.md:
    id: 0d92bb68972c
    last_write_checksum: sha1:e8031792b423ddb85e547e0c025be70ffab41afe
    pristine_git_object: 7ee2415eddaf3d9b7f80e1bf5365afc8bdfc6fcb
  docs/models/operations/get-v1-address-validate-commonwealth-electorate.md:
    id: 2a3aaebd6a23
    last_write_checksum: sha1:533e2f5c3a9a02f349545e60e8c2c49055f1176d
    pristine_git_object: 1da4cd8416bea32e1b72e2cd2a7bac5434ccd3a4
  docs/models/operations/get-v1-address-validate-gccsa.md:
    id: 956e1d7bdf88
    last_write_checksum: sha1:b26754ab21c2bb7252aec887d631ebf5274f93c0
    pristine_git_object: 36b5cd43c9545e5298d14160be0f9572fe68928f
  docs/models/operations/get-v1-address-validate-geocode.md:
    id: 638a2afdf9b0
    last_write_checksum: sha1:fa1a7acd41901b0afea8ead92c8dde018ed0e97f
    pristine_git_object: 3686c0c14c85721c29ae5e64763dc4cd05fbfd64
  docs/models/operations/get-v1-address-validate-lga.md:
    id: ff5142feb9cc
    last_write_checksum: sha1:4db1e670eea21cfd8705052b4195c979a1f9465f
    pristine_git_object: b84e61735801c34ab737dfd9eaee3bc02487eeba
  docs/models/operations/get-v1-address-validate-location.md:
    id: 67f65d823f94
    last_write_checksum: sha1:7c228944431125bcf993a1727bd970c1b3fe1772
    pristine_git_object: 271877c2cc27fb076596172950df3c98da20af1f
  docs/models/operations/get-v1-address-validate-mesh-block.md:
    id: 9edbb1a1e8bc
    last_write_checksum: sha1:c7a072ef5cfc6107cbb2e65fc48897da661b50cd
    pristine_git_object: 25398669da581890d32f9dfe0fd803105a8ffc56
  docs/models/operations/get-v1-address-validate-request.md:
    id: ad8516b1ed45
    last_write_checksum: sha1:5a9964f9725bcfdec66691c0b7bf0bacb25e1619
    pristine_git_object: 11f1325c0fde8778aed018ce004a6ff564dbbd68
  docs/models/operations/get-v1-address-validate-response-body.md:
    id: f2eeafeedb2d
    last_write_checksum: sha1:29bf877577a7550abbe3d84338c5169993b8cdba
    pristine_git_object: 35e935e55a4e32d8339b62347d1f39a3507fca27
  docs/models/operations/get-v1-address-validate-response.md:
    id: e4ca9d4f7c27
    last_write_checksum: sha1:5fba70623f61824ed8c01bdaeda4ce555acb1544
    pristine_git_object: 4313a4e9d432879e08f4528b41016910a2b17214
  docs/models/operations/get-v1-address-validate-sa2.md:
    id: a73514d6fbbc
    last_write_checksum: sha1:bcadc17cd4bb67bf914070ca903d704bcc9359e7
    pristine_git_object: 999c15f2d7e188ee27e5c1f5242a1033415de38e
  docs/models/operations/get-v1-address-validate-sa3.md:
    id: f3af7faed68f
    last_write_checksum: sha1:60903da0ef13df6ab9a564b4727b512cc2b39e3c
    pristine_git_object: 0db9f4312a04ba251bf472a028f0c9135162ece0
  docs/models/operations/get-v1-address-validate-sa4.md:
    id: 6749c2159e2a
    last_write_checksum: sha1:a4f56326a0fd27c5439063cf7a04bd9e5ece4165
    pristine_git_object: 85a872e39499cb983d2f3668e182bfbae64b9a16
  docs/models/operations/get-v1-address-validate-state-electorate.md:
    id: 9d404d85295f
    last_write_checksum: sha1:f45a017fc74289d787cc72ee15d39c79725a5fd7
    pristine_git_object: 5905535c719202c9fa36ed85565ba4080d7694e4
  docs/models/operations/lga.md:
    id: 546887c29e59
    last_write_checksum: sha1:16c4a4a3289286688e68b0340e91cdc2698e456e
    pristine_git_object: 7245bfd03994754d4ecb28a83b7623f7275e27be
  docs/models/operations/localities.md:
    id: d7eb4c4e1f4c
    last_write_checksum: sha1:cd3daf3140e542708ce936595aafe7b1e2d662aa
    pristine_git_object: 3b1d0878b509a1762163a0f1c7f0ce486fa95b65
  docs/models/operations/location.md:
    id: 157fab36889c
    last_write_checksum: sha1:974136fe05b214209aad109bfb514ab01a8d111a
    pristine_git_object: 8eb2809c151f16ba90fab81fe7dc6a81b925cb79
  docs/models/operations/match.md:
    id: fd9cbd6b7dd7
    last_write_checksum: sha1:738898fb5e29ead72a4d11dc3b31537afa0c0241
    pristine_git_object: b2f2b961c232920ab6a3648c05d227bba323f1e1
  docs/models/operations/mesh-block.md:
    id: ae62678b8de4
    last_write_checksum: sha1:aed5c4206a902f4934e981a8cde8087a9d70f552
    pristine_git_object: 28b94257ebe80ce088a617e46c6ec7696b79519d
  docs/models/operations/results.md:
    id: 2d0cb3ac205d
    last_write_checksum: sha1:6b0b33072b80ce04947e3495ccf8fe079b4f02d0
    pristine_git_object: 2b1a39a491e71e6bfcd92c34c10b83be8838efdf
  docs/models/operations/sa2.md:
    id: 04b6b014ec8c
    last_write_checksum: sha1:cbc9ca580f7d0a79a90fbf543165349e3f915827
    pristine_git_object: 45e3e5d2c8f5809418b16fe91b3f6d1abdafa8c8
  docs/models/operations/sa3.md:
    id: 2aa4f697d8bb
    last_write_checksum: sha1:3d4bd2f0244abee701b024b407761e9b7d79fa2c
    pristine_git_object: 52e8fbcc75182f03fac61980243b1d94ffb5cbc6
  docs/models/operations/sa4.md:
    id: f03079d3167a
    last_write_checksum: sha1:c4128b406611b7076e191f5bf937647998f0ccd0
    pristine_git_object: 12f900e7ca5d15cae3c179d91fb8344570cb8f7c
  docs/models/operations/state-electorate.md:
    id: c155e98a6534
    last_write_checksum: sha1:4cb017fdcf536987595e0aa5e23716ed34a3da2a
    pristine_git_object: 6d3b9409688fb71d6bea4db8fcb38fc414449d03
  docs/models/operations/suggestions.md:
    id: 459d72c01811
    last_write_checksum: sha1:e10a03f27579d0f0f67655e16d34a8a7250e0c5d
    pristine_git_object: 30419a60635dc02302605c24f0aaec3afb8ed1f2
  docs/models/operations/top-left.md:
    id: 3b02260fd663
    last_write_checksum: sha1:65060d6f8d76ba7fb377b24eae53f5c3d1e43239
    pristine_git_object: 6d371715312c6ad02af9cf88ebabaf0fbb7bc645
  docs/sdks/prontiq/README.md:
    id: df798d9eed8f
    last_write_checksum: sha1:d0317875294f9e2333e808c1f19471c6487b9ab7
    pristine_git_object: 148cf0ff8cd21c5f458c7096556351ff37a00fe9
  examples/.env.template:
    id: 52cbe5afed92
    last_write_checksum: sha1:d0881ee64f677c90c34c57ff9473122884365e41
    pristine_git_object: 01fab79f62d1739ce52f2fa9e76761001c8746da
  examples/README.md:
    id: 9d0f69d6e677
    last_write_checksum: sha1:13015628fcea1529d1906d59f13678ba1ea16526
    pristine_git_object: 7a381562a2252f3abfe5788d009c07a9aac5b6e9
  examples/getV1AddressAutocomplete.example.ts:
    id: 5242f6edcce2
    last_write_checksum: sha1:99907dd5161802d2cc3d57cee1457871ff34d7e2
    pristine_git_object: 39e9e19ec3cf775c8b75fc8452f10e1f3eae7a33
  examples/package.json:
    id: c1d7b0ec8e7e
    last_write_checksum: sha1:f873f0c1d8c658dacb0896a80a47572a0a1c3267
    pristine_git_object: 864b61f0b0516a6eaf65b87d91647c82b888ad0c
  jsr.json:
    id: 7f6ab7767282
    last_write_checksum: sha1:77cb96ebec8100ba1355b9c64367d0dd82dc5f7f
    pristine_git_object: 7d2742fad5b3b28439ada27103a793c1f09a205c
  package.json:
    id: 7030d0b2f71b
    last_write_checksum: sha1:98cc2bc6c6bbb5b56f51ba23fbdb44761a22138c
    pristine_git_object: e623242dbba428e5b39ee1e6b5cef1247c33ab5e
  src/core.ts:
    id: f431fdbcd144
    last_write_checksum: sha1:e07dd49fc633c766a3740c7b9634ce8f9bd447ff
    pristine_git_object: 4b330c91b87f29619a7efd317f17d8318bc625f1
  src/funcs/get-v1-address-autocomplete.ts:
    id: f186fdade887
    last_write_checksum: sha1:ea7fb339127966b973ed1253773648c5ce76df0e
    pristine_git_object: 6600d82f8e18c3f45c79711c87261afd9447769a
  src/funcs/get-v1-address-enrich.ts:
    id: 4fe494646a55
    last_write_checksum: sha1:cb160c2b3bebeb761d7557c5364257ca18877a01
    pristine_git_object: baee82f1f7a2b4e4afda509cd7a34c7dde12bbd6
  src/funcs/get-v1-address-lookup-postcode.ts:
    id: 3d8d5cec76ae
    last_write_checksum: sha1:aa43deeabefe1b2189e56f28590d0a0b7f8bcfd8
    pristine_git_object: 52c072453b25a6b37ab642321585eef7ce4df3a7
  src/funcs/get-v1-address-lookup-suburb.ts:
    id: 75c7c64c5703
    last_write_checksum: sha1:8f7ee157274962b31770b32246215d71a5261e42
    pristine_git_object: 06b37d44addca132efc7f6de62014045389d59b8
  src/funcs/get-v1-address-reverse.ts:
    id: 53bfee7231e2
    last_write_checksum: sha1:994ac6039813e43bc84e48ec58982c49c7c673ed
    pristine_git_object: 9e0226fb519337245db30076e88b691d3535c504
  src/funcs/get-v1-address-validate.ts:
    id: 8f8c5238e0b5
    last_write_checksum: sha1:858bb0255c7c3ec9f8e9d21ffcb0fdab47b8e674
    pristine_git_object: 55d3646d3015f6dd62274554a0cb95981674f419
  src/hooks/hooks.ts:
    id: a2463fc6f69b
    last_write_checksum: sha1:3a90d88b4c6c07247db8e5f6441a79538232394e
    pristine_git_object: 94ad0a323123b34dc638717c5d67a3c23c54d5c6
  src/hooks/index.ts:
    id: 5f2dab62b520
    last_write_checksum: sha1:1a11c073a6cd792932218e1d4ed36b8567bad8ef
    pristine_git_object: f60ec7acd76141a71d78008c5a362eb0236d8335
  src/hooks/types.ts:
    id: 2a02d86ec24f
    last_write_checksum: sha1:27a3444c4839bec58ae89820fd8c2483edafc3f4
    pristine_git_object: 9c36bf01332084f735909a71036c3544cc4c7e3a
  src/index.ts:
    id: c5fb850250c7
    last_write_checksum: sha1:35c9cde3ae14b18b3f893a1afe8b6c44f8760f24
    pristine_git_object: dbcba164a0082e3bb8c43cf21fa7f8ffb9d35dfc
  src/lib/base64.ts:
    id: "598522066688"
    last_write_checksum: sha1:8c94164f2f78e6041c853186fa01f659591f5913
    pristine_git_object: 44be0eae8246521b230e8e711a88eff738fc015d
  src/lib/config.ts:
    id: 320761608fb3
    last_write_checksum: sha1:33b166e60eb7d4552b19f7993e73e42a021b0ce4
    pristine_git_object: 7e0c960948f8d33dc3b131ce211ba5025f8fe36c
  src/lib/dlv.ts:
    id: b1988214835a
    last_write_checksum: sha1:1dd3e3fbb4550c4bf31f5ef997faff355d6f3250
    pristine_git_object: e81091f5e536f82739f71379b1fddc2d147c49e2
  src/lib/encodings.ts:
    id: 3bd8ead98afd
    last_write_checksum: sha1:3e6784ec96431e0d8f98f67b3eae38d7b368264c
    pristine_git_object: caeae5469fc8bd37da5aa7fd46d928eec5dc4b3a
  src/lib/files.ts:
    id: e5efa54fcb95
    last_write_checksum: sha1:795c14026405d547bfc47012f7ad9666e530fa7f
    pristine_git_object: 6ca6b37d35a12448da176ee2517cc036db12c81c
  src/lib/http.ts:
    id: 63a80782d37e
    last_write_checksum: sha1:797cbf16d3c7c4d62d3ba0eedb08617524938457
    pristine_git_object: 13cf1fd7894a89f727b8d2db2ad24313a94f68c7
  src/lib/is-plain-object.ts:
    id: b9862591096a
    last_write_checksum: sha1:df687f25a9590b6fd95d39df41a652ae3fd4e517
    pristine_git_object: 61070d3d7c7e5e95b1ed7e7ea21869eb0767db77
  src/lib/logger.ts:
    id: 7ee7741a02bf
    last_write_checksum: sha1:0ec9d3a2a34c362746b767e4f9a746c055d57a7b
    pristine_git_object: d181f2937d4128afbe9b0327e0f81d1fa9c877b7
  src/lib/matchers.ts:
    id: d54b2253b719
    last_write_checksum: sha1:7580137ef7bf94158d7b235277c2eb33bf6c6db8
    pristine_git_object: 18187810f9fad177c57f8873b563dc62e7e63af9
  src/lib/primitives.ts:
    id: 74859f750b28
    last_write_checksum: sha1:987869fc54790b9c22e9182099103d6aa7c67016
    pristine_git_object: d21f1dc49affa4e6d324bdd60811b470fdfa7eb6
  src/lib/retries.ts:
    id: b24a69d15639
    last_write_checksum: sha1:f3da74dffcbe2756c69393f8600205aa1dc06e68
    pristine_git_object: e3ce9aba72150fc3c18f3105d39b21aba809377b
  src/lib/schemas.ts:
    id: deb4b531fae1
    last_write_checksum: sha1:b4b5fd22340ebd5b2914ee7b177c797b28fba7ef
    pristine_git_object: cf280491bf54dbd4d78e5c071c3b85cf5ca9e35e
  src/lib/sdks.ts:
    id: 8a6d91f1218d
    last_write_checksum: sha1:2a7573a8a05381c2f47af3c7bf40ea61251df6e7
    pristine_git_object: a49d475ce4a7501a2c4be3cc4dcc7f395074fcd3
  src/lib/security.ts:
    id: 0502afa7922e
    last_write_checksum: sha1:1bb8fb3c525370ff255f70e37fad8594827fae0d
    pristine_git_object: 4ad2e6ed404045b90c7ca501b63461ac25f3f0c2
  src/lib/url.ts:
    id: b0057e24ed76
    last_write_checksum: sha1:3bceadd74bf0b31adf13eb06b7531077c3e07d65
    pristine_git_object: 79e7ce660b3732053e3adcbb5a4cdeb51496e8aa
  src/models/components/index.ts:
    id: 0aa842dce54d
    last_write_checksum: sha1:a445498c6a67166ab0fd15bc7a3f890780f560eb
    pristine_git_object: 2edb51c4860cdd2d34f0e40b67aa4d2aed7af6af
  src/models/components/security.ts:
    id: 472dde81bb1c
    last_write_checksum: sha1:c7e90ab053cecc4b3356b84243dc5107391718e9
    pristine_git_object: 95bba2dab09d615c54ee4398aa916a5968c6b596
  src/models/errors/get-v1-address-autocomplete.ts:
    id: cd1a063231ec
    last_write_checksum: sha1:3ebb64c3f83db6671b3c14c064ab62c633003d7d
    pristine_git_object: 553a9065e22eecea459b54779fa5c614776faa10
  src/models/errors/get-v1-address-enrich.ts:
    id: 71061d8fecb2
    last_write_checksum: sha1:3fa170c79250ac922a7729e615d64bd78ef33638
    pristine_git_object: deb09649c694abbe2a0d32e0e4b05573626f38be
  src/models/errors/get-v1-address-lookup-postcode.ts:
    id: 06dc1825950f
    last_write_checksum: sha1:fdb20d2af836e31a46ab8db64d17e877195e560b
    pristine_git_object: 6370a6e98b6ea92ea3ae7a3dd79fbbb20792abf0
  src/models/errors/get-v1-address-lookup-suburb.ts:
    id: 833e044cebaa
    last_write_checksum: sha1:1af31aafa60233ded5b0b276fd3427dcb2a82178
    pristine_git_object: d93c1c63665774be8544c601134dadf76e59e656
  src/models/errors/get-v1-address-reverse.ts:
    id: 164d8780c9c5
    last_write_checksum: sha1:220e8ef095464ea6ff640f58b8526f597b8ca54c
    pristine_git_object: 0e94772f1192cc4214a96c2489542d6a1b6a4310
  src/models/errors/get-v1-address-validate.ts:
    id: af7b5f73e1fb
    last_write_checksum: sha1:e7b1da34ba8e02abbb6ec752696ad82d0fd785f5
    pristine_git_object: 7ba4d3a8e8595f83d33bde0bec40b99ad2afe937
  src/models/errors/http-client-errors.ts:
    id: 08390231aab8
    last_write_checksum: sha1:994ced121c54fecd0af038ccfb7855fbfd3868ec
    pristine_git_object: b34f612124c797c2a1106b9735708f679a90b74f
  src/models/errors/index.ts:
    id: c4e22507cb83
    last_write_checksum: sha1:1be9c5ca7d62d7cdd82f9a2ce32359425606887c
    pristine_git_object: 76eeacb0d5add0aaba360353c81aa22e940177a4
  src/models/errors/prontiq-default-error.ts:
    id: c594b1ad230d
    last_write_checksum: sha1:f2f110766a7c8485855dd82cd7b2184fd3594d43
    pristine_git_object: f0aa79eb91fa485ad1cca6cb4f7a3b321c4d424a
  src/models/errors/prontiq-error.ts:
    id: b8107b0291d6
    last_write_checksum: sha1:84345efd8a481ff0584671597e6d4b89e3028f69
    pristine_git_object: db5a416ff9aad4c712f60f737ac97e5ec50b9df1
  src/models/errors/response-validation-error.ts:
    id: a6ce701a9571
    last_write_checksum: sha1:c43dc7108be7080e05e70ef2ebe89a42f2044d7d
    pristine_git_object: e2abad158f2fd4591773e01a359d7e699d56d5ca
  src/models/errors/sdk-validation-error.ts:
    id: 9b17e7ef247f
    last_write_checksum: sha1:92771987c251f02fd86cfd824a3be709cd3c2837
    pristine_git_object: db00022e05d55600252f401eb0e6ab46278e0b07
  src/models/operations/get-v1-address-autocomplete.ts:
    id: 575befda6ab8
    last_write_checksum: sha1:a30bd8511217fcc5f971ec6a496ee2d0cc3d7a7a
    pristine_git_object: 81d6a5f476af3304041ee3df3195bbdae1a05d43
  src/models/operations/get-v1-address-enrich.ts:
    id: c4987e7a98ef
    last_write_checksum: sha1:7299bf4798b95ff9e5282f21f025d544d459daed
    pristine_git_object: b20ebb178a69c869320e6a36f6123bd849d51446
  src/models/operations/get-v1-address-lookup-postcode.ts:
    id: ca3cfb139455
    last_write_checksum: sha1:a822de962e26493457ac9bc035dc164e62d351b2
    pristine_git_object: eae8f48854c3424516cfd00a61c3bd183b2a3b6b
  src/models/operations/get-v1-address-lookup-suburb.ts:
    id: 0168fe5c865f
    last_write_checksum: sha1:2e8ded3ac4387d9b0e7a39ec1af333ba6ce3b399
    pristine_git_object: 8df17a43ba8d91e0cc0f483be598927060dacef7
  src/models/operations/get-v1-address-reverse.ts:
    id: 6ad1c7f2f77a
    last_write_checksum: sha1:9d0076e65e5fa2258d23338ce8d64e6d311dc052
    pristine_git_object: ea17f535c90420bdcad2f6b918b175b4a1aee8ff
  src/models/operations/get-v1-address-validate.ts:
    id: a9e7679713f1
    last_write_checksum: sha1:396935a09c105101a87d97adf2f1104d708dba59
    pristine_git_object: ab511921d3defebca4561d5d3af2e927b8faf035
  src/models/operations/index.ts:
    id: 0d9ffaf774d2
    last_write_checksum: sha1:2e5c31ecc873e2454a1c659c90ba79f94efcab11
    pristine_git_object: ca96e407db9da14e31d3656525995e732c75d8bf
  src/sdk/index.ts:
    id: a857902a703f
    last_write_checksum: sha1:ed6d64f2a6135349aa8498b8d8cff9ba85c7fb8f
    pristine_git_object: ecac2264817bb369ff2dbf0f0e9029807e67ff77
  src/sdk/sdk.ts:
    id: 784571af2f69
    last_write_checksum: sha1:898f7d3f7a382ec3eb5b98d9551156fd6d586207
    pristine_git_object: b2f8c6fd1c2005cc1ee7b82f7ac6bb26757bed64
  src/types/async.ts:
    id: fac8da972f86
    last_write_checksum: sha1:3ff07b3feaf390ec1aeb18ff938e139c6c4a9585
    pristine_git_object: 689dba5de50e8769e5f3bb913e3f42a146d15bc1
  src/types/blobs.ts:
    id: f8ab9b326c86
    last_write_checksum: sha1:fd681458b532138913c372b05b3e16407abaa7a1
    pristine_git_object: 3deb988d444f7d202eda723492d7c1d76c5c208d
  src/types/const-date-time.ts:
    id: b3487d7170f2
    last_write_checksum: sha1:ce05316b31b373401875d5e962d63d2422e09cf2
    pristine_git_object: 586ee46aa2273cdf680bb542b4ef5dd953a48a08
  src/types/default-to-zero-value.ts:
    id: 6e0f763ae8c8
    last_write_checksum: sha1:2820c0bc8e71d475e79cc6b6947ca18d93f6310c
    pristine_git_object: c4cad53db08687649a55c711c4f4b3a29f7b7d24
  src/types/enums.ts:
    id: 4d03ddfe5100
    last_write_checksum: sha1:d7d0ffad0c128a11c5feb1f0ae8f3b507ee03c14
    pristine_git_object: a523bdde4b5b8144cf26414e32fc2319f2c466fa
  src/types/fp.ts:
    id: ae9f0fb8aab6
    last_write_checksum: sha1:d24994d58f37a1ca106847fcc6d2e976c6f1c093
    pristine_git_object: ccbe51eac69dfb0da5131f14fd753c4b47c1d527
  src/types/index.ts:
    id: cd7a0a5ed005
    last_write_checksum: sha1:a591fec0ad2231615101ebb6a95cc4d043733a6c
    pristine_git_object: d75cb43bf5811991f96203650c264af2b4c78b41
  src/types/operations.ts:
    id: 314da01dca47
    last_write_checksum: sha1:c49e724cfb1259296381cb57bc0fcdd2eae45865
    pristine_git_object: beb81e10f0b9eee2ed398a853fe6f737b743f818
  src/types/primitives.ts:
    id: 0cd7f4ac625d
    last_write_checksum: sha1:7bdf6c790bdbcb8e369088557c42878f5270a701
    pristine_git_object: 6180991492b8b6afccb3bb808010d4a15823168f
  src/types/rfcdate.ts:
    id: 9eb64906dcd6
    last_write_checksum: sha1:8e5f382e02fe21c2f2e24deb1b7bbf8cddd3dd16
    pristine_git_object: c79b3f53a3dd922aa2ace5a4191c8652cf9a8e89
  src/types/smart-union.ts:
    id: 2e3af2ad4ea7
    last_write_checksum: sha1:9928dbec2d8ad501da8518c10ec6df3b441eb5c9
    pristine_git_object: a9db55cfc1d1cbdcc480dfa5eeead3ee526d6953
  src/types/streams.ts:
    id: f99be9c4bf14
    last_write_checksum: sha1:cc9ced2dd34a76c3a1bd7784ccda1cc3b37ab9a9
    pristine_git_object: a0163e7a99cea88f21d0ad4ce3af1c720180ee20
  src/types/unrecognized.ts:
    id: 476605c40716
    last_write_checksum: sha1:d33ac686528492f4cdc0dbf81ed343b4afe020fe
    pristine_git_object: b7a2a13f3dff50663429df24ae2f55b647ff1084
  tsconfig.json:
    id: 61ebb9fd6e8c
    last_write_checksum: sha1:4f9c4daf3281a9be06591b2814e5bbcf98b5c803
    pristine_git_object: e6cd950ad724815ee1ed48ef2e52389cbd3a9143
examples:
  get_/v1/address/autocomplete:
    speakeasy-default-get-/v1-/address/autocomplete:
      parameters:
        query:
          q: "<value>"
          limit: 5
      responses:
        "200":
          application/json: {"suggestions": [{"id": "<id>"}], "total": 211211}
        "400":
          application/json: {"error": {"code": "<value>", "message": "<value>", "status": 141749, "request_id": "<id>"}}
        "401":
          application/json: {"error": {"code": "<value>", "message": "<value>", "status": 344442, "request_id": "<id>"}}
        "403":
          application/json: {"error": {"code": "<value>", "message": "<value>", "status": 64233, "request_id": "<id>"}}
        "429":
          application/json: {"error": {"code": "<value>", "message": "<value>", "status": 459099, "request_id": "<id>"}}
        "500":
          application/json: {"error": {"code": "<value>", "message": "<value>", "status": 480526, "request_id": "<id>"}}
  get_/v1/address/validate:
    speakeasy-default-get-/v1-/address/validate:
      parameters:
        query:
          q: "<value>"
      responses:
        "200":
          application/json: {"match": {"id": "<id>"}, "confidence": "none"}
        "400":
          application/json: {"error": {"code": "<value>", "message": "<value>", "status": 460154, "request_id": "<id>"}}
        "401":
          application/json: {"error": {"code": "<value>", "message": "<value>", "status": 957661, "request_id": "<id>"}}
        "403":
          application/json: {"error": {"code": "<value>", "message": "<value>", "status": 176254, "request_id": "<id>"}}
        "429":
          application/json: {"error": {"code": "<value>", "message": "<value>", "status": 520273, "request_id": "<id>"}}
        "500":
          application/json: {"error": {"code": "<value>", "message": "<value>", "status": 140526, "request_id": "<id>"}}
  get_/v1/address/enrich:
    speakeasy-default-get-/v1-/address/enrich:
      parameters:
        query:
          id: "<id>"
      responses:
        "200":
          application/json: {"id": "<id>"}
        "400":
          application/json: {"error": {"code": "<value>", "message": "<value>", "status": 765810, "request_id": "<id>"}}
        "401":
          application/json: {"error": {"code": "<value>", "message": "<value>", "status": 300041, "request_id": "<id>"}}
        "403":
          application/json: {"error": {"code": "<value>", "message": "<value>", "status": 210298, "request_id": "<id>"}}
        "404":
          application/json: {"error": {"code": "<value>", "message": "<value>", "status": 650948, "request_id": "<id>"}}
        "429":
          application/json: {"error": {"code": "<value>", "message": "<value>", "status": 78749, "request_id": "<id>"}}
        "500":
          application/json: {"error": {"code": "<value>", "message": "<value>", "status": 622136, "request_id": "<id>"}}
  get_/v1/address/reverse:
    speakeasy-default-get-/v1-/address/reverse:
      parameters:
        query:
          lat: 6837.5
          lon: 8129.15
          radius: 100
          limit: 5
      responses:
        "200":
          application/json: {"results": [{"id": "<id>"}], "total": 19488}
        "400":
          application/json: {"error": {"code": "<value>", "message": "<value>", "status": 857140, "request_id": "<id>"}}
        "401":
          application/json: {"error": {"code": "<value>", "message": "<value>", "status": 399607, "request_id": "<id>"}}
        "403":
          application/json: {"error": {"code": "<value>", "message": "<value>", "status": 51589, "request_id": "<id>"}}
        "429":
          application/json: {"error": {"code": "<value>", "message": "<value>", "status": 805941, "request_id": "<id>"}}
        "500":
          application/json: {"error": {"code": "<value>", "message": "<value>", "status": 626991, "request_id": "<id>"}}
  get_/v1/address/lookup/postcode:
    speakeasy-default-get-/v1-/address/lookup/postcode:
      parameters:
        query:
          postcode: "69189"
          limit: 10
      responses:
        "200":
          application/json: {"postcode": "38132-7306", "localities": []}
        "400":
          application/json: {"error": {"code": "<value>", "message": "<value>", "status": 446245, "request_id": "<id>"}}
        "401":
          application/json: {"error": {"code": "<value>", "message": "<value>", "status": 657963, "request_id": "<id>"}}
        "403":
          application/json: {"error": {"code": "<value>", "message": "<value>", "status": 54143, "request_id": "<id>"}}
        "429":
          application/json: {"error": {"code": "<value>", "message": "<value>", "status": 229180, "request_id": "<id>"}}
        "500":
          application/json: {"error": {"code": "<value>", "message": "<value>", "status": 826620, "request_id": "<id>"}}
  get_/v1/address/lookup/suburb:
    speakeasy-default-get-/v1-/address/lookup/suburb:
      parameters:
        query:
          suburb: "<value>"
          limit: 10
      responses:
        "200":
          application/json: {"suburb": "<value>", "postcodes": ["<value 1>", "<value 2>"], "address_count": 244334}
        "400":
          application/json: {"error": {"code": "<value>", "message": "<value>", "status": 255861, "request_id": "<id>"}}
        "401":
          application/json: {"error": {"code": "<value>", "message": "<value>", "status": 322492, "request_id": "<id>"}}
        "403":
          application/json: {"error": {"code": "<value>", "message": "<value>", "status": 651329, "request_id": "<id>"}}
        "429":
          application/json: {"error": {"code": "<value>", "message": "<value>", "status": 207620, "request_id": "<id>"}}
        "500":
          application/json: {"error": {"code": "<value>", "message": "<value>", "status": 672809, "request_id": "<id>"}}
examplesVersion: 1.0.2
