speakeasyVersion: 1.761.3
sources:
    prontiq-api:
        sourceNamespace: prontiq-api
        sourceRevisionDigest: sha256:230729063bb79003664c875a2b924a37b81074fb3165a7809ff17e3aa6cbb427
        sourceBlobDigest: sha256:196c5fd56f2dbc1f181f6f1522e1a533436a25a22760c35bedb85f9c03fe2266
        tags:
            - latest
            - 1.0.0
targets:
    typescript:
        source: prontiq-api
        sourceNamespace: prontiq-api
        sourceRevisionDigest: sha256:230729063bb79003664c875a2b924a37b81074fb3165a7809ff17e3aa6cbb427
        sourceBlobDigest: sha256:196c5fd56f2dbc1f181f6f1522e1a533436a25a22760c35bedb85f9c03fe2266
workflow:
    workflowVersion: 1.0.0
    speakeasyVersion: 1.761.3
    sources:
        prontiq-api:
            inputs:
                - location: ./packages/docs/openapi.json
            registry:
                location: registry.speakeasyapi.dev/prontiq/prontiq-workspace/prontiq-api
    targets:
        typescript:
            target: typescript
            source: prontiq-api
            output: ./sdks/typescript
            publish:
                npm:
                    token: $npm_token
